
Microsoft Visual Studio Solution File, Format Version 12.00
# Visual Studio 14
VisualStudioVersion = 14.0.25420.1
MinimumVisualStudioVersion = 10.0.40219.1
Project("{2150E333-8FDC-42A3-9474-1A3956D46DE8}") = "Di", "Di", "{8858BCDC-D9B9-4CFA-81B1-07A19E981C33}"
EndProject
Project("{FAE04EC0-301F-11D3-BF4B-00C04F79EFBC}") = "EmpiricaContainer", "Di\EmpiricaContainer\EmpiricaContainer.csproj", "{5A4844F4-C25C-4341-9300-550B89EF3CBA}"
EndProject
Project("{2150E333-8FDC-42A3-9474-1A3956D46DE8}") = "ArrayLab", "ArrayLab", "{2D971AC3-37C0-49AC-A7AB-7ABDDB1A5D48}"
EndProject
Project("{FAE04EC0-301F-11D3-BF4B-00C04F79EFBC}") = "ArrayLab.Domain", "ArrayLab\ArrayLab.Domain\ArrayLab.Domain.csproj", "{B2D85DDA-D24A-4046-BD77-EDB4B9CD8DD8}"
EndProject
Project("{FAE04EC0-301F-11D3-BF4B-00C04F79EFBC}") = "ArrayLab.ApplicationServices", "ArrayLab\ArrayLab.ApplicationServices\ArrayLab.ApplicationServices.csproj", "{9B0944FD-9D5F-4E2F-8332-ACA0ECD09562}"
EndProject
Project("{FAE04EC0-301F-11D3-BF4B-00C04F79EFBC}") = "ArrayLab.Infrastructure.Data.Ef", "ArrayLab\ArrayLab.Infrastructure.Data.Ef\ArrayLab.Infrastructure.Data.Ef.csproj", "{BA6069FF-0545-43AB-819C-BDFDAC0D043F}"
EndProject
Project("{FAE04EC0-301F-11D3-BF4B-00C04F79EFBC}") = "ArrayLab.Infrastructure.Data.Xml", "ArrayLab\ArrayLab.Infrastructure.Data.Xml\ArrayLab.Infrastructure.Data.Xml.csproj", "{A283149D-0000-41AB-80E2-18B4C9C6A4FC}"
EndProject
Project("{FAE04EC0-301F-11D3-BF4B-00C04F79EFBC}") = "ArrayLab.WinUi", "ArrayLab\ArrayLab.WinUi\ArrayLab.WinUi.csproj", "{3AEDE7D7-003B-445E-B535-3533BFAF85B6}"
EndProject
Project("{2150E333-8FDC-42A3-9474-1A3956D46DE8}") = "Extensions", "Extensions", "{C0B90ED9-0D96-43D3-9692-18D813D59117}"
EndProject
Project("{FAE04EC0-301F-11D3-BF4B-00C04F79EFBC}") = "EmpiricaContainerTestApplication", "Di\EmpiricaContainerTestApplication\EmpiricaContainerTestApplication.csproj", "{965F1AAA-75BA-454E-AFD4-E3DCADE898AE}"
EndProject
Project("{2150E333-8FDC-42A3-9474-1A3956D46DE8}") = "Other", "Other", "{EEE00B07-2AE0-49E0-9808-67B2C2F3B09F}"
EndProject
Project("{FAE04EC0-301F-11D3-BF4B-00C04F79EFBC}") = "CodeBlocks", "Other\CodeBlocks\CodeBlocks.csproj", "{503A34CE-7C7C-410F-9367-EE5D7CE9E857}"
EndProject
Project("{FAE04EC0-301F-11D3-BF4B-00C04F79EFBC}") = "ArrayLab.FormEntryExtension", "ArrayLab\Extensions\ArrayLab.FormEntryExtension\ArrayLab.FormEntryExtension.csproj", "{2CCC2F26-2E2F-4A3A-900B-29E547758A5F}"
EndProject
Project("{FAE04EC0-301F-11D3-BF4B-00C04F79EFBC}") = "ArrayLab.WinUi.ExtensionAbstractions", "ArrayLab\ArrayLab.WinUi.ExtensionAbstractions\ArrayLab.WinUi.ExtensionAbstractions.csproj", "{86F62ABF-711E-436D-B051-EB023EF202E5}"
EndProject
Project("{FAE04EC0-301F-11D3-BF4B-00C04F79EFBC}") = "ArrayLab.CsvLoaderExtension", "ArrayLab\Extensions\ArrayLab.CsvLoaderExtension\ArrayLab.CsvLoaderExtension.csproj", "{C121E14F-EF0A-46B3-AD45-50F5111D3B11}"
EndProject
Global
	GlobalSection(SolutionConfigurationPlatforms) = preSolution
		Debug|Any CPU = Debug|Any CPU
		Release|Any CPU = Release|Any CPU
	EndGlobalSection
	GlobalSection(ProjectConfigurationPlatforms) = postSolution
		{5A4844F4-C25C-4341-9300-550B89EF3CBA}.Debug|Any CPU.ActiveCfg = Debug|Any CPU
		{5A4844F4-C25C-4341-9300-550B89EF3CBA}.Debug|Any CPU.Build.0 = Debug|Any CPU
		{5A4844F4-C25C-4341-9300-550B89EF3CBA}.Release|Any CPU.ActiveCfg = Release|Any CPU
		{5A4844F4-C25C-4341-9300-550B89EF3CBA}.Release|Any CPU.Build.0 = Release|Any CPU
		{B2D85DDA-D24A-4046-BD77-EDB4B9CD8DD8}.Debug|Any CPU.ActiveCfg = Debug|Any CPU
		{B2D85DDA-D24A-4046-BD77-EDB4B9CD8DD8}.Debug|Any CPU.Build.0 = Debug|Any CPU
		{B2D85DDA-D24A-4046-BD77-EDB4B9CD8DD8}.Release|Any CPU.ActiveCfg = Release|Any CPU
		{B2D85DDA-D24A-4046-BD77-EDB4B9CD8DD8}.Release|Any CPU.Build.0 = Release|Any CPU
		{9B0944FD-9D5F-4E2F-8332-ACA0ECD09562}.Debug|Any CPU.ActiveCfg = Debug|Any CPU
		{9B0944FD-9D5F-4E2F-8332-ACA0ECD09562}.Debug|Any CPU.Build.0 = Debug|Any CPU
		{9B0944FD-9D5F-4E2F-8332-ACA0ECD09562}.Release|Any CPU.ActiveCfg = Release|Any CPU
		{9B0944FD-9D5F-4E2F-8332-ACA0ECD09562}.Release|Any CPU.Build.0 = Release|Any CPU
		{BA6069FF-0545-43AB-819C-BDFDAC0D043F}.Debug|Any CPU.ActiveCfg = Debug|Any CPU
		{BA6069FF-0545-43AB-819C-BDFDAC0D043F}.Debug|Any CPU.Build.0 = Debug|Any CPU
		{BA6069FF-0545-43AB-819C-BDFDAC0D043F}.Release|Any CPU.ActiveCfg = Release|Any CPU
		{BA6069FF-0545-43AB-819C-BDFDAC0D043F}.Release|Any CPU.Build.0 = Release|Any CPU
		{A283149D-0000-41AB-80E2-18B4C9C6A4FC}.Debug|Any CPU.ActiveCfg = Debug|Any CPU
		{A283149D-0000-41AB-80E2-18B4C9C6A4FC}.Debug|Any CPU.Build.0 = Debug|Any CPU
		{A283149D-0000-41AB-80E2-18B4C9C6A4FC}.Release|Any CPU.ActiveCfg = Release|Any CPU
		{A283149D-0000-41AB-80E2-18B4C9C6A4FC}.Release|Any CPU.Build.0 = Release|Any CPU
		{3AEDE7D7-003B-445E-B535-3533BFAF85B6}.Debug|Any CPU.ActiveCfg = Debug|Any CPU
		{3AEDE7D7-003B-445E-B535-3533BFAF85B6}.Debug|Any CPU.Build.0 = Debug|Any CPU
		{3AEDE7D7-003B-445E-B535-3533BFAF85B6}.Release|Any CPU.ActiveCfg = Release|Any CPU
		{3AEDE7D7-003B-445E-B535-3533BFAF85B6}.Release|Any CPU.Build.0 = Release|Any CPU
		{965F1AAA-75BA-454E-AFD4-E3DCADE898AE}.Debug|Any CPU.ActiveCfg = Debug|Any CPU
		{965F1AAA-75BA-454E-AFD4-E3DCADE898AE}.Debug|Any CPU.Build.0 = Debug|Any CPU
		{965F1AAA-75BA-454E-AFD4-E3DCADE898AE}.Release|Any CPU.ActiveCfg = Release|Any CPU
		{965F1AAA-75BA-454E-AFD4-E3DCADE898AE}.Release|Any CPU.Build.0 = Release|Any CPU
		{503A34CE-7C7C-410F-9367-EE5D7CE9E857}.Debug|Any CPU.ActiveCfg = Debug|Any CPU
		{503A34CE-7C7C-410F-9367-EE5D7CE9E857}.Debug|Any CPU.Build.0 = Debug|Any CPU
		{503A34CE-7C7C-410F-9367-EE5D7CE9E857}.Release|Any CPU.ActiveCfg = Release|Any CPU
		{503A34CE-7C7C-410F-9367-EE5D7CE9E857}.Release|Any CPU.Build.0 = Release|Any CPU
		{2CCC2F26-2E2F-4A3A-900B-29E547758A5F}.Debug|Any CPU.ActiveCfg = Debug|Any CPU
		{2CCC2F26-2E2F-4A3A-900B-29E547758A5F}.Debug|Any CPU.Build.0 = Debug|Any CPU
		{2CCC2F26-2E2F-4A3A-900B-29E547758A5F}.Release|Any CPU.ActiveCfg = Release|Any CPU
		{2CCC2F26-2E2F-4A3A-900B-29E547758A5F}.Release|Any CPU.Build.0 = Release|Any CPU
		{86F62ABF-711E-436D-B051-EB023EF202E5}.Debug|Any CPU.ActiveCfg = Debug|Any CPU
		{86F62ABF-711E-436D-B051-EB023EF202E5}.Debug|Any CPU.Build.0 = Debug|Any CPU
		{86F62ABF-711E-436D-B051-EB023EF202E5}.Release|Any CPU.ActiveCfg = Release|Any CPU
		{86F62ABF-711E-436D-B051-EB023EF202E5}.Release|Any CPU.Build.0 = Release|Any CPU
		{C121E14F-EF0A-46B3-AD45-50F5111D3B11}.Debug|Any CPU.ActiveCfg = Debug|Any CPU
		{C121E14F-EF0A-46B3-AD45-50F5111D3B11}.Debug|Any CPU.Build.0 = Debug|Any CPU
		{C121E14F-EF0A-46B3-AD45-50F5111D3B11}.Release|Any CPU.ActiveCfg = Release|Any CPU
		{C121E14F-EF0A-46B3-AD45-50F5111D3B11}.Release|Any CPU.Build.0 = Release|Any CPU
	EndGlobalSection
	GlobalSection(SolutionProperties) = preSolution
		HideSolutionNode = FALSE
	EndGlobalSection
	GlobalSection(NestedProjects) = preSolution
		{5A4844F4-C25C-4341-9300-550B89EF3CBA} = {8858BCDC-D9B9-4CFA-81B1-07A19E981C33}
		{B2D85DDA-D24A-4046-BD77-EDB4B9CD8DD8} = {2D971AC3-37C0-49AC-A7AB-7ABDDB1A5D48}
		{9B0944FD-9D5F-4E2F-8332-ACA0ECD09562} = {2D971AC3-37C0-49AC-A7AB-7ABDDB1A5D48}
		{BA6069FF-0545-43AB-819C-BDFDAC0D043F} = {2D971AC3-37C0-49AC-A7AB-7ABDDB1A5D48}
		{A283149D-0000-41AB-80E2-18B4C9C6A4FC} = {2D971AC3-37C0-49AC-A7AB-7ABDDB1A5D48}
		{3AEDE7D7-003B-445E-B535-3533BFAF85B6} = {2D971AC3-37C0-49AC-A7AB-7ABDDB1A5D48}
		{C0B90ED9-0D96-43D3-9692-18D813D59117} = {2D971AC3-37C0-49AC-A7AB-7ABDDB1A5D48}
		{965F1AAA-75BA-454E-AFD4-E3DCADE898AE} = {8858BCDC-D9B9-4CFA-81B1-07A19E981C33}
		{503A34CE-7C7C-410F-9367-EE5D7CE9E857} = {EEE00B07-2AE0-49E0-9808-67B2C2F3B09F}
		{2CCC2F26-2E2F-4A3A-900B-29E547758A5F} = {C0B90ED9-0D96-43D3-9692-18D813D59117}
		{86F62ABF-711E-436D-B051-EB023EF202E5} = {2D971AC3-37C0-49AC-A7AB-7ABDDB1A5D48}
		{C121E14F-EF0A-46B3-AD45-50F5111D3B11} = {C0B90ED9-0D96-43D3-9692-18D813D59117}
	EndGlobalSection
EndGlobal
