
Microsoft Visual Studio Solution File, Format Version 12.00
# Visual Studio 14
VisualStudioVersion = 14.0.25420.1
MinimumVisualStudioVersion = 10.0.40219.1
Project("{2150E333-8FDC-42A3-9474-1A3956D46DE8}") = "Di", "Di", "{8858BCDC-D9B9-4CFA-81B1-07A19E981C33}"
EndProject
Project("{2150E333-8FDC-42A3-9474-1A3956D46DE8}") = "Demos", "Demos", "{CB370F23-1692-4DEC-A37B-2EF92048FF1B}"
EndProject
Project("{FAE04EC0-301F-11D3-BF4B-00C04F79EFBC}") = "EmpiricaContainer", "Di\EmpiricaContainer\EmpiricaContainer.csproj", "{5A4844F4-C25C-4341-9300-550B89EF3CBA}"
EndProject
Project("{FAE04EC0-301F-11D3-BF4B-00C04F79EFBC}") = "SampleApplication.WinUi", "Demos\SampleApplication.WinUi\SampleApplication.WinUi.csproj", "{7C41933A-C3D9-4284-97BE-7E58A33805F2}"
EndProject
Project("{FAE04EC0-301F-11D3-BF4B-00C04F79EFBC}") = "SampleApplication.Domain", "Demos\SampleApplication.Domain\SampleApplication.Domain.csproj", "{E6DB0ECE-1055-4DBF-82D2-81DCDA2A61AA}"
EndProject
Project("{FAE04EC0-301F-11D3-BF4B-00C04F79EFBC}") = "SampleApplication.Services", "Demos\SampleApplication.Services\SampleApplication.Services.csproj", "{C3B34494-5B78-4937-9931-B099B37E9CA2}"
EndProject
Project("{FAE04EC0-301F-11D3-BF4B-00C04F79EFBC}") = "SampleApplication.Infrastructure.Data.Ef", "Demos\SampleApplication.Infrastructure.Data.Ef\SampleApplication.Infrastructure.Data.Ef.csproj", "{533BF2FE-C50F-414B-952D-A25C214C5D84}"
EndProject
Project("{FAE04EC0-301F-11D3-BF4B-00C04F79EFBC}") = "SampleApplication.Infrastructure.Data.Xml", "Demos\SampleApplication.Infrastructure.Data.Xml\SampleApplication.Infrastructure.Data.Xml.csproj", "{34894754-ED6D-4648-839A-94B967EB040F}"
EndProject
Project("{2150E333-8FDC-42A3-9474-1A3956D46DE8}") = "Plugins", "Plugins", "{027DC7E7-BF02-465C-8DA5-FF858F450F82}"
EndProject
Global
	GlobalSection(SolutionConfigurationPlatforms) = preSolution
		Debug|Any CPU = Debug|Any CPU
		Release|Any CPU = Release|Any CPU
	EndGlobalSection
	GlobalSection(ProjectConfigurationPlatforms) = postSolution
		{5A4844F4-C25C-4341-9300-550B89EF3CBA}.Debug|Any CPU.ActiveCfg = Debug|Any CPU
		{5A4844F4-C25C-4341-9300-550B89EF3CBA}.Debug|Any CPU.Build.0 = Debug|Any CPU
		{5A4844F4-C25C-4341-9300-550B89EF3CBA}.Release|Any CPU.ActiveCfg = Release|Any CPU
		{5A4844F4-C25C-4341-9300-550B89EF3CBA}.Release|Any CPU.Build.0 = Release|Any CPU
		{7C41933A-C3D9-4284-97BE-7E58A33805F2}.Debug|Any CPU.ActiveCfg = Debug|Any CPU
		{7C41933A-C3D9-4284-97BE-7E58A33805F2}.Debug|Any CPU.Build.0 = Debug|Any CPU
		{7C41933A-C3D9-4284-97BE-7E58A33805F2}.Release|Any CPU.ActiveCfg = Release|Any CPU
		{7C41933A-C3D9-4284-97BE-7E58A33805F2}.Release|Any CPU.Build.0 = Release|Any CPU
		{E6DB0ECE-1055-4DBF-82D2-81DCDA2A61AA}.Debug|Any CPU.ActiveCfg = Debug|Any CPU
		{E6DB0ECE-1055-4DBF-82D2-81DCDA2A61AA}.Debug|Any CPU.Build.0 = Debug|Any CPU
		{E6DB0ECE-1055-4DBF-82D2-81DCDA2A61AA}.Release|Any CPU.ActiveCfg = Release|Any CPU
		{E6DB0ECE-1055-4DBF-82D2-81DCDA2A61AA}.Release|Any CPU.Build.0 = Release|Any CPU
		{C3B34494-5B78-4937-9931-B099B37E9CA2}.Debug|Any CPU.ActiveCfg = Debug|Any CPU
		{C3B34494-5B78-4937-9931-B099B37E9CA2}.Debug|Any CPU.Build.0 = Debug|Any CPU
		{C3B34494-5B78-4937-9931-B099B37E9CA2}.Release|Any CPU.ActiveCfg = Release|Any CPU
		{C3B34494-5B78-4937-9931-B099B37E9CA2}.Release|Any CPU.Build.0 = Release|Any CPU
		{533BF2FE-C50F-414B-952D-A25C214C5D84}.Debug|Any CPU.ActiveCfg = Debug|Any CPU
		{533BF2FE-C50F-414B-952D-A25C214C5D84}.Debug|Any CPU.Build.0 = Debug|Any CPU
		{533BF2FE-C50F-414B-952D-A25C214C5D84}.Release|Any CPU.ActiveCfg = Release|Any CPU
		{533BF2FE-C50F-414B-952D-A25C214C5D84}.Release|Any CPU.Build.0 = Release|Any CPU
		{34894754-ED6D-4648-839A-94B967EB040F}.Debug|Any CPU.ActiveCfg = Debug|Any CPU
		{34894754-ED6D-4648-839A-94B967EB040F}.Debug|Any CPU.Build.0 = Debug|Any CPU
		{34894754-ED6D-4648-839A-94B967EB040F}.Release|Any CPU.ActiveCfg = Release|Any CPU
		{34894754-ED6D-4648-839A-94B967EB040F}.Release|Any CPU.Build.0 = Release|Any CPU
	EndGlobalSection
	GlobalSection(SolutionProperties) = preSolution
		HideSolutionNode = FALSE
	EndGlobalSection
	GlobalSection(NestedProjects) = preSolution
		{5A4844F4-C25C-4341-9300-550B89EF3CBA} = {8858BCDC-D9B9-4CFA-81B1-07A19E981C33}
		{7C41933A-C3D9-4284-97BE-7E58A33805F2} = {CB370F23-1692-4DEC-A37B-2EF92048FF1B}
		{E6DB0ECE-1055-4DBF-82D2-81DCDA2A61AA} = {CB370F23-1692-4DEC-A37B-2EF92048FF1B}
		{C3B34494-5B78-4937-9931-B099B37E9CA2} = {CB370F23-1692-4DEC-A37B-2EF92048FF1B}
		{533BF2FE-C50F-414B-952D-A25C214C5D84} = {CB370F23-1692-4DEC-A37B-2EF92048FF1B}
		{34894754-ED6D-4648-839A-94B967EB040F} = {CB370F23-1692-4DEC-A37B-2EF92048FF1B}
		{027DC7E7-BF02-465C-8DA5-FF858F450F82} = {CB370F23-1692-4DEC-A37B-2EF92048FF1B}
	EndGlobalSection
EndGlobal
